
Microsoft Visual Studio Solution File, Format Version 12.00
# Visual Studio Version 16
VisualStudioVersion = 16.0.31515.178
MinimumVisualStudioVersion = 10.0.40219.1
Project("{F184B08F-C81C-45F6-A57F-5ABD9991F28F}") = "201800633_COBROLUZ", "201800633_COBROLUZ\201800633_COBROLUZ.vbproj", "{A7F8F5E1-A4C5-4443-BD3F-B27C620B42BB}"
EndProject
Global
	GlobalSection(SolutionConfigurationPlatforms) = preSolution
		Debug|Any CPU = Debug|Any CPU
		Release|Any CPU = Release|Any CPU
	EndGlobalSection
	GlobalSection(ProjectConfigurationPlatforms) = postSolution
		{A7F8F5E1-A4C5-4443-BD3F-B27C620B42BB}.Debug|Any CPU.ActiveCfg = Debug|Any CPU
		{A7F8F5E1-A4C5-4443-BD3F-B27C620B42BB}.Debug|Any CPU.Build.0 = Debug|Any CPU
		{A7F8F5E1-A4C5-4443-BD3F-B27C620B42BB}.Release|Any CPU.ActiveCfg = Release|Any CPU
		{A7F8F5E1-A4C5-4443-BD3F-B27C620B42BB}.Release|Any CPU.Build.0 = Release|Any CPU
	EndGlobalSection
	GlobalSection(SolutionProperties) = preSolution
		HideSolutionNode = FALSE
	EndGlobalSection
	GlobalSection(ExtensibilityGlobals) = postSolution
		SolutionGuid = {2D53D3E7-88A6-4DF6-B872-6119B7F3B225}
	EndGlobalSection
EndGlobal
