
Microsoft Visual Studio Solution File, Format Version 12.00
# Visual Studio Version 16
VisualStudioVersion = 16.0.31702.278
MinimumVisualStudioVersion = 10.0.40219.1
Project("{F184B08F-C81C-45F6-A57F-5ABD9991F28F}") = "201800633_HOSPEDAJE", "201800633_HOSPEDAJE\201800633_HOSPEDAJE.vbproj", "{77DDE11E-86C4-4F3F-A214-DDC6AC38A36B}"
EndProject
Global
	GlobalSection(SolutionConfigurationPlatforms) = preSolution
		Debug|Any CPU = Debug|Any CPU
		Release|Any CPU = Release|Any CPU
	EndGlobalSection
	GlobalSection(ProjectConfigurationPlatforms) = postSolution
		{77DDE11E-86C4-4F3F-A214-DDC6AC38A36B}.Debug|Any CPU.ActiveCfg = Debug|Any CPU
		{77DDE11E-86C4-4F3F-A214-DDC6AC38A36B}.Debug|Any CPU.Build.0 = Debug|Any CPU
		{77DDE11E-86C4-4F3F-A214-DDC6AC38A36B}.Release|Any CPU.ActiveCfg = Release|Any CPU
		{77DDE11E-86C4-4F3F-A214-DDC6AC38A36B}.Release|Any CPU.Build.0 = Release|Any CPU
	EndGlobalSection
	GlobalSection(SolutionProperties) = preSolution
		HideSolutionNode = FALSE
	EndGlobalSection
	GlobalSection(ExtensibilityGlobals) = postSolution
		SolutionGuid = {B9C83A2B-EE3E-4EAD-AE13-A2781A503DC6}
	EndGlobalSection
EndGlobal
