
Microsoft Visual Studio Solution File, Format Version 12.00
# Visual Studio Version 16
VisualStudioVersion = 16.0.31702.278
MinimumVisualStudioVersion = 10.0.40219.1
Project("{F184B08F-C81C-45F6-A57F-5ABD9991F28F}") = "201800633_LOGIC", "201800633_LOGIC\201800633_LOGIC.vbproj", "{859FB593-6264-4666-89A4-6A5A5BFD58C9}"
EndProject
Global
	GlobalSection(SolutionConfigurationPlatforms) = preSolution
		Debug|Any CPU = Debug|Any CPU
		Release|Any CPU = Release|Any CPU
	EndGlobalSection
	GlobalSection(ProjectConfigurationPlatforms) = postSolution
		{859FB593-6264-4666-89A4-6A5A5BFD58C9}.Debug|Any CPU.ActiveCfg = Debug|Any CPU
		{859FB593-6264-4666-89A4-6A5A5BFD58C9}.Debug|Any CPU.Build.0 = Debug|Any CPU
		{859FB593-6264-4666-89A4-6A5A5BFD58C9}.Release|Any CPU.ActiveCfg = Release|Any CPU
		{859FB593-6264-4666-89A4-6A5A5BFD58C9}.Release|Any CPU.Build.0 = Release|Any CPU
	EndGlobalSection
	GlobalSection(SolutionProperties) = preSolution
		HideSolutionNode = FALSE
	EndGlobalSection
	GlobalSection(ExtensibilityGlobals) = postSolution
		SolutionGuid = {FC7A5A6F-6C9C-4412-8FC3-4D9512B8C947}
	EndGlobalSection
EndGlobal
